{"is_source_file": false, "format": "", "description": "", "external_files": [], "external_methods": [], "published": [], "classes": [], "methods": [], "calls": [], "search-terms": [], "state": 2, "file_id": 25, "knowledge_revision": 80, "git_revision": "e3e9c67e742f3d2602208985237e69bdbf33a61a", "hash": "e9b4c3b42cef0193b7fddb548d37e652", "format-version": 4, "code-base-name": "default", "filename": "birthday_video_frontend_workspace/birthday_video_frontend/post_process_status.lock", "revision_history": [{"80": "e3e9c67e742f3d2602208985237e69bdbf33a61a"}]}